
Microsoft Visual Studio Solution File, Format Version 12.00
Project("{FAE04EC0-301F-11D3-BF4B-00C04F79EFBC}") = "MatchMaking", "MatchMaking\MatchMaking.csproj", "{37335C57-CEE5-42F9-9D40-1D717D6D8EDB}"
EndProject
Global
	GlobalSection(SolutionConfigurationPlatforms) = preSolution
		Debug|Any CPU = Debug|Any CPU
		Release|Any CPU = Release|Any CPU
	EndGlobalSection
	GlobalSection(ProjectConfigurationPlatforms) = postSolution
		{37335C57-CEE5-42F9-9D40-1D717D6D8EDB}.Debug|Any CPU.ActiveCfg = Debug|Any CPU
		{37335C57-CEE5-42F9-9D40-1D717D6D8EDB}.Debug|Any CPU.Build.0 = Debug|Any CPU
		{37335C57-CEE5-42F9-9D40-1D717D6D8EDB}.Release|Any CPU.ActiveCfg = Release|Any CPU
		{37335C57-CEE5-42F9-9D40-1D717D6D8EDB}.Release|Any CPU.Build.0 = Release|Any CPU
	EndGlobalSection
EndGlobal
